
Microsoft Visual Studio Solution File, Format Version 12.00
# Visual Studio Version 16
VisualStudioVersion = 16.0.810.13
MinimumVisualStudioVersion = 10.0.40219.1
Project("{FAE04EC0-301F-11D3-BF4B-00C04F79EFBC}") = "Ejercicio_rectangulo", "Ejercicio_rectangulo\Ejercicio_rectangulo.csproj", "{68A395F0-8976-4C0E-8988-ED1FA4B629D4}"
EndProject
Global
	GlobalSection(SolutionConfigurationPlatforms) = preSolution
		Debug|Any CPU = Debug|Any CPU
		Release|Any CPU = Release|Any CPU
	EndGlobalSection
	GlobalSection(ProjectConfigurationPlatforms) = postSolution
		{68A395F0-8976-4C0E-8988-ED1FA4B629D4}.Debug|Any CPU.ActiveCfg = Debug|Any CPU
		{68A395F0-8976-4C0E-8988-ED1FA4B629D4}.Debug|Any CPU.Build.0 = Debug|Any CPU
		{68A395F0-8976-4C0E-8988-ED1FA4B629D4}.Release|Any CPU.ActiveCfg = Release|Any CPU
		{68A395F0-8976-4C0E-8988-ED1FA4B629D4}.Release|Any CPU.Build.0 = Release|Any CPU
	EndGlobalSection
	GlobalSection(SolutionProperties) = preSolution
		HideSolutionNode = FALSE
	EndGlobalSection
	GlobalSection(ExtensibilityGlobals) = postSolution
		SolutionGuid = {8F619683-0E84-44FD-8244-CD12530C4DD1}
	EndGlobalSection
EndGlobal
