
Microsoft Visual Studio Solution File, Format Version 12.00
# Visual Studio Version 16
VisualStudioVersion = 16.0.810.25
MinimumVisualStudioVersion = 10.0.40219.1
Project("{FAE04EC0-301F-11D3-BF4B-00C04F79EFBC}") = "Proyectopalabras", "Proyectopalabras\Proyectopalabras.csproj", "{2769A056-B3F3-44BA-9451-3154421C423A}"
EndProject
Global
	GlobalSection(SolutionConfigurationPlatforms) = preSolution
		Debug|Any CPU = Debug|Any CPU
		Release|Any CPU = Release|Any CPU
	EndGlobalSection
	GlobalSection(ProjectConfigurationPlatforms) = postSolution
		{2769A056-B3F3-44BA-9451-3154421C423A}.Debug|Any CPU.ActiveCfg = Debug|Any CPU
		{2769A056-B3F3-44BA-9451-3154421C423A}.Debug|Any CPU.Build.0 = Debug|Any CPU
		{2769A056-B3F3-44BA-9451-3154421C423A}.Release|Any CPU.ActiveCfg = Release|Any CPU
		{2769A056-B3F3-44BA-9451-3154421C423A}.Release|Any CPU.Build.0 = Release|Any CPU
	EndGlobalSection
	GlobalSection(SolutionProperties) = preSolution
		HideSolutionNode = FALSE
	EndGlobalSection
	GlobalSection(ExtensibilityGlobals) = postSolution
		SolutionGuid = {AB687B6F-B4EF-4F3A-9ED3-3DCCC33A5DB4}
	EndGlobalSection
EndGlobal
