
Microsoft Visual Studio Solution File, Format Version 12.00
# Visual Studio Version 16
VisualStudioVersion = 25.0.1703.8
MinimumVisualStudioVersion = 10.0.40219.1
Project("{FAE04EC0-301F-11D3-BF4B-00C04F79EFBC}") = "Corto3_1030021_JJLL", "Corto3_1030021_JJLL\Corto3_1030021_JJLL.csproj", "{75583359-A0F8-49BE-A85C-D30BAD2855A7}"
EndProject
Global
	GlobalSection(SolutionConfigurationPlatforms) = preSolution
		Debug|Any CPU = Debug|Any CPU
		Release|Any CPU = Release|Any CPU
	EndGlobalSection
	GlobalSection(ProjectConfigurationPlatforms) = postSolution
		{75583359-A0F8-49BE-A85C-D30BAD2855A7}.Debug|Any CPU.ActiveCfg = Debug|Any CPU
		{75583359-A0F8-49BE-A85C-D30BAD2855A7}.Debug|Any CPU.Build.0 = Debug|Any CPU
		{75583359-A0F8-49BE-A85C-D30BAD2855A7}.Release|Any CPU.ActiveCfg = Release|Any CPU
		{75583359-A0F8-49BE-A85C-D30BAD2855A7}.Release|Any CPU.Build.0 = Release|Any CPU
	EndGlobalSection
	GlobalSection(SolutionProperties) = preSolution
		HideSolutionNode = FALSE
	EndGlobalSection
	GlobalSection(ExtensibilityGlobals) = postSolution
		SolutionGuid = {1955ABA1-7597-41C3-A19C-0ED71C6FD749}
	EndGlobalSection
EndGlobal
